
Microsoft Visual Studio Solution File, Format Version 12.00
# Visual Studio Version 16
VisualStudioVersion = 16.0.30225.117
MinimumVisualStudioVersion = 10.0.40219.1
Project("{FAE04EC0-301F-11D3-BF4B-00C04F79EFBC}") = "Mad Lib Game", "Mad Lib Game.csproj", "{3E69926A-A791-4CF2-83B8-4D47A08A8A3E}"
EndProject
Global
	GlobalSection(SolutionConfigurationPlatforms) = preSolution
		Debug|Any CPU = Debug|Any CPU
		Release|Any CPU = Release|Any CPU
	EndGlobalSection
	GlobalSection(ProjectConfigurationPlatforms) = postSolution
		{3E69926A-A791-4CF2-83B8-4D47A08A8A3E}.Debug|Any CPU.ActiveCfg = Debug|Any CPU
		{3E69926A-A791-4CF2-83B8-4D47A08A8A3E}.Debug|Any CPU.Build.0 = Debug|Any CPU
		{3E69926A-A791-4CF2-83B8-4D47A08A8A3E}.Release|Any CPU.ActiveCfg = Release|Any CPU
		{3E69926A-A791-4CF2-83B8-4D47A08A8A3E}.Release|Any CPU.Build.0 = Release|Any CPU
	EndGlobalSection
	GlobalSection(SolutionProperties) = preSolution
		HideSolutionNode = FALSE
	EndGlobalSection
	GlobalSection(ExtensibilityGlobals) = postSolution
		SolutionGuid = {BB7C0BEE-407E-4C38-8D5F-3B666BBAF646}
	EndGlobalSection
EndGlobal
